lockfileVersion: '9.0'

settings:
  autoInstallPeers: true
  excludeLinksFromLockfile: false

importers:

  .:
    dependencies:
      '@ai-sdk/openai':
        specifier: ^2.0.65
        version: 2.0.65(zod@4.1.12)
      '@arizeai/phoenix-client':
        specifier: ^5.3.0
        version: 5.3.0(@opentelemetry/api@1.9.0)
      '@arizeai/phoenix-otel':
        specifier: ^0.3.0
        version: 0.3.0
      ai:
        specifier: ^5.0.93
        version: 5.0.93(zod@4.1.12)
      zod:
        specifier: ^4.1.12
        version: 4.1.12
    devDependencies:
      '@types/node':
        specifier: ^24.10.1
        version: 24.10.1
      typescript:
        specifier: ^5.9.3
        version: 5.9.3

packages:

  '@ai-sdk/gateway@2.0.9':
    resolution: {integrity: sha512-E6x4h5CPPPJ0za1r5HsLtHbeI+Tp3H+YFtcH8G3dSSPFE6w+PZINzB4NxLZmg1QqSeA5HTP3ZEzzsohp0o2GEw==}
    engines: {node: '>=18'}
    peerDependencies:
      zod: ^3.25.76 || ^4.1.8

  '@ai-sdk/openai@2.0.65':
    resolution: {integrity: sha512-Wqo4iNCsxUYJFmEAzAHO0XDnnS76rqvPRX2AUhEAOX3cgL9UEfouFmiNQS2jM9AZhMdWj5GIG41hgr4YOr20tA==}
    engines: {node: '>=18'}
    peerDependencies:
      zod: ^3.25.76 || ^4.1.8

  '@ai-sdk/provider-utils@3.0.17':
    resolution: {integrity: sha512-TR3Gs4I3Tym4Ll+EPdzRdvo/rc8Js6c4nVhFLuvGLX/Y4V9ZcQMa/HTiYsHEgmYrf1zVi6Q145UEZUfleOwOjw==}
    engines: {node: '>=18'}
    peerDependencies:
      zod: ^3.25.76 || ^4.1.8

  '@ai-sdk/provider@2.0.0':
    resolution: {integrity: sha512-6o7Y2SeO9vFKB8lArHXehNuusnpddKPk7xqL7T2/b+OvXMRIXUO1rR4wcv1hAFUAT9avGZshty3Wlua/XA7TvA==}
    engines: {node: '>=18'}

  '@anthropic-ai/sdk@0.35.0':
    resolution: {integrity: sha512-JxVuNIRLjcXZbDW/rJa3vSIoYB5c0wgIQUPsjueeqli9OJyCJpInj0UlvKSSk6R2oCYyg0y2M0H8n8Wyt0l1IA==}

  '@arizeai/openinference-core@2.0.0':
    resolution: {integrity: sha512-H0INw5Yy0zHUe0HG0ZMVoexrBX/B1W6FJODmnIP7vbXHXOzzMtlBdjg0evxFY2HTSk+MRpVpDP05Ty+OSqfd0w==}

  '@arizeai/openinference-semantic-conventions@1.1.0':
    resolution: {integrity: sha512-rxRYnUWjt28DlVXnWukcQAyGhPYQ3ckmKrjEdUjmUNnvvv4k8Dabbp5h6AEjNy7YzN9jL2smNRJnbLIVtkrLEg==}

  '@arizeai/openinference-semantic-conventions@2.1.2':
    resolution: {integrity: sha512-u7UeuU9bJ1LxzHk0MPWb+1ZcotCcJwPnKDXi7Rl2cPs1pWMFg9Ogq7zzYZX+sDcibD2AEa1U+ElyOD8DwZc9gw==}

  '@arizeai/openinference-vercel@2.5.0':
    resolution: {integrity: sha512-7bAQnx6Gfr2mzSTcVFeErDyWQklVBRNOxz8B4izSnqxx5koNVgf035KMRmHAXHO5sKIfA4Z5gwtf6+Q3L9cYJw==}
    peerDependencies:
      '@opentelemetry/api': '>=1.7.0 <2.0.0'

  '@arizeai/phoenix-client@5.3.0':
    resolution: {integrity: sha512-n4YQt2dVZvhYPZK6iY7WO6Hw2wdPgdrcL3rO1i0L4kQot3R/I0EKCiGqBVxwdq0b7qnbhL0pYA7JEOyW+vmOCw==}
    engines: {node: '>=18'}

  '@arizeai/phoenix-otel@0.3.0':
    resolution: {integrity: sha512-Ats+HdpcEKOMLxK9LQLKUU4Hp2LlolK3vRjjxIV3pVqgVcABAxJY/jM8PHuu9lJy/ObykSMUd8azU450B+oZqQ==}

  '@opentelemetry/api-logs@0.57.2':
    resolution: {integrity: sha512-uIX52NnTM0iBh84MShlpouI7UKqkZ7MrUszTmaypHBu4r7NofznSnQRfJ+uUeDtQDj6w8eFGg5KBLDAwAPz1+A==}
    engines: {node: '>=14'}

  '@opentelemetry/api@1.9.0':
    resolution: {integrity: sha512-3giAOQvZiH5F9bMlMiv8+GSPMeqg0dbaeo58/0SlA9sxSqZhnUtxzX9/2FzyhS9sWQf5S0GJE0AKBrFqjpeYcg==}
    engines: {node: '>=8.0.0'}

  '@opentelemetry/context-async-hooks@1.30.1':
    resolution: {integrity: sha512-s5vvxXPVdjqS3kTLKMeBMvop9hbWkwzBpu+mUO2M7sZtlkyDJGwFe33wRKnbaYDo8ExRVBIIdwIGrqpxHuKttA==}
    engines: {node: '>=14'}
    peerDependencies:
      '@opentelemetry/api': '>=1.0.0 <1.10.0'

  '@opentelemetry/core@1.30.1':
    resolution: {integrity: sha512-OOCM2C/QIURhJMuKaekP3TRBxBKxG/TWWA0TL2J6nXUtDnuCtccy49LUJF8xPFXMX+0LMcxFpCo8M9cGY1W6rQ==}
    engines: {node: '>=14'}
    peerDependencies:
      '@opentelemetry/api': '>=1.0.0 <1.10.0'

  '@opentelemetry/core@2.2.0':
    resolution: {integrity: sha512-FuabnnUm8LflnieVxs6eP7Z383hgQU4W1e3KJS6aOG3RxWxcHyBxH8fDMHNgu/gFx/M2jvTOW/4/PHhLz6bjWw==}
    engines: {node: ^18.19.0 || >=20.6.0}
    peerDependencies:
      '@opentelemetry/api': '>=1.0.0 <1.10.0'

  '@opentelemetry/exporter-trace-otlp-proto@0.57.2':
    resolution: {integrity: sha512-awDdNRMIwDvUtoRYxRhja5QYH6+McBLtoz1q9BeEsskhZcrGmH/V1fWpGx8n+Rc+542e8pJA6y+aullbIzQmlw==}
    engines: {node: '>=14'}
    peerDependencies:
      '@opentelemetry/api': ^1.3.0

  '@opentelemetry/instrumentation@0.57.2':
    resolution: {integrity: sha512-BdBGhQBh8IjZ2oIIX6F2/Q3LKm/FDDKi6ccYKcBTeilh6SNdNKveDOLk73BkSJjQLJk6qe4Yh+hHw1UPhCDdrg==}
    engines: {node: '>=14'}
    peerDependencies:
      '@opentelemetry/api': ^1.3.0

  '@opentelemetry/otlp-exporter-base@0.57.2':
    resolution: {integrity: sha512-XdxEzL23Urhidyebg5E6jZoaiW5ygP/mRjxLHixogbqwDy2Faduzb5N0o/Oi+XTIJu+iyxXdVORjXax+Qgfxag==}
    engines: {node: '>=14'}
    peerDependencies:
      '@opentelemetry/api': ^1.3.0

  '@opentelemetry/otlp-transformer@0.57.2':
    resolution: {integrity: sha512-48IIRj49gbQVK52jYsw70+Jv+JbahT8BqT2Th7C4H7RCM9d0gZ5sgNPoMpWldmfjvIsSgiGJtjfk9MeZvjhoig==}
    engines: {node: '>=14'}
    peerDependencies:
      '@opentelemetry/api': ^1.3.0

  '@opentelemetry/propagator-b3@1.30.1':
    resolution: {integrity: sha512-oATwWWDIJzybAZ4pO76ATN5N6FFbOA1otibAVlS8v90B4S1wClnhRUk7K+2CHAwN1JKYuj4jh/lpCEG5BAqFuQ==}
    engines: {node: '>=14'}
    peerDependencies:
      '@opentelemetry/api': '>=1.0.0 <1.10.0'

  '@opentelemetry/propagator-jaeger@1.30.1':
    resolution: {integrity: sha512-Pj/BfnYEKIOImirH76M4hDaBSx6HyZ2CXUqk+Kj02m6BB80c/yo4BdWkn/1gDFfU+YPY+bPR2U0DKBfdxCKwmg==}
    engines: {node: '>=14'}
    peerDependencies:
      '@opentelemetry/api': '>=1.0.0 <1.10.0'

  '@opentelemetry/resources@1.30.1':
    resolution: {integrity: sha512-5UxZqiAgLYGFjS4s9qm5mBVo433u+dSPUFWVWXmLAD4wB65oMCoXaJP1KJa9DIYYMeHu3z4BZcStG3LC593cWA==}
    engines: {node: '>=14'}
    peerDependencies:
      '@opentelemetry/api': '>=1.0.0 <1.10.0'

  '@opentelemetry/resources@2.2.0':
    resolution: {integrity: sha512-1pNQf/JazQTMA0BiO5NINUzH0cbLbbl7mntLa4aJNmCCXSj0q03T5ZXXL0zw4G55TjdL9Tz32cznGClf+8zr5A==}
    engines: {node: ^18.19.0 || >=20.6.0}
    peerDependencies:
      '@opentelemetry/api': '>=1.3.0 <1.10.0'

  '@opentelemetry/sdk-logs@0.57.2':
    resolution: {integrity: sha512-TXFHJ5c+BKggWbdEQ/inpgIzEmS2BGQowLE9UhsMd7YYlUfBQJ4uax0VF/B5NYigdM/75OoJGhAV3upEhK+3gg==}
    engines: {node: '>=14'}
    peerDependencies:
      '@opentelemetry/api': '>=1.4.0 <1.10.0'

  '@opentelemetry/sdk-metrics@1.30.1':
    resolution: {integrity: sha512-q9zcZ0Okl8jRgmy7eNW3Ku1XSgg3sDLa5evHZpCwjspw7E8Is4K/haRPDJrBcX3YSn/Y7gUvFnByNYEKQNbNog==}
    engines: {node: '>=14'}
    peerDependencies:
      '@opentelemetry/api': '>=1.3.0 <1.10.0'

  '@opentelemetry/sdk-trace-base@1.30.1':
    resolution: {integrity: sha512-jVPgBbH1gCy2Lb7X0AVQ8XAfgg0pJ4nvl8/IiQA6nxOsPvS+0zMJaFSs2ltXe0J6C8dqjcnpyqINDJmU30+uOg==}
    engines: {node: '>=14'}
    peerDependencies:
      '@opentelemetry/api': '>=1.0.0 <1.10.0'

  '@opentelemetry/sdk-trace-node@1.30.1':
    resolution: {integrity: sha512-cBjYOINt1JxXdpw1e5MlHmFRc5fgj4GW/86vsKFxJCJ8AL4PdVtYH41gWwl4qd4uQjqEL1oJVrXkSy5cnduAnQ==}
    engines: {node: '>=14'}
    peerDependencies:
      '@opentelemetry/api': '>=1.0.0 <1.10.0'

  '@opentelemetry/semantic-conventions@1.28.0':
    resolution: {integrity: sha512-lp4qAiMTD4sNWW4DbKLBkfiMZ4jbAboJIGOQr5DvciMRI494OapieI9qiODpOt0XBr1LjIDy1xAGAnVs5supTA==}
    engines: {node: '>=14'}

  '@opentelemetry/semantic-conventions@1.38.0':
    resolution: {integrity: sha512-kocjix+/sSggfJhwXqClZ3i9Y/MI0fp7b+g7kCRm6psy2dsf8uApTRclwG18h8Avm7C9+fnt+O36PspJ/OzoWg==}
    engines: {node: '>=14'}

  '@protobufjs/aspromise@1.1.2':
    resolution: {integrity: sha512-j+gKExEuLmKwvz3OgROXtrJ2UG2x8Ch2YZUxahh+s1F2HZ+wAceUNLkvy6zKCPVRkU++ZWQrdxsUeQXmcg4uoQ==}

  '@protobufjs/base64@1.1.2':
    resolution: {integrity: sha512-AZkcAA5vnN/v4PDqKyMR5lx7hZttPDgClv83E//FMNhR2TMcLUhfRUBHCmSl0oi9zMgDDqRUJkSxO3wm85+XLg==}

  '@protobufjs/codegen@2.0.4':
    resolution: {integrity: sha512-YyFaikqM5sH0ziFZCN3xDC7zeGaB/d0IUb9CATugHWbd1FRFwWwt4ld4OYMPWu5a3Xe01mGAULCdqhMlPl29Jg==}

  '@protobufjs/eventemitter@1.1.0':
    resolution: {integrity: sha512-j9ednRT81vYJ9OfVuXG6ERSTdEL1xVsNgqpkxMsbIabzSo3goCjDIveeGv5d03om39ML71RdmrGNjG5SReBP/Q==}

  '@protobufjs/fetch@1.1.0':
    resolution: {integrity: sha512-lljVXpqXebpsijW71PZaCYeIcE5on1w5DlQy5WH6GLbFryLUrBD4932W/E2BSpfRJWseIL4v/KPgBFxDOIdKpQ==}

  '@protobufjs/float@1.0.2':
    resolution: {integrity: sha512-Ddb+kVXlXst9d+R9PfTIxh1EdNkgoRe5tOX6t01f1lYWOvJnSPDBlG241QLzcyPdoNTsblLUdujGSE4RzrTZGQ==}

  '@protobufjs/inquire@1.1.0':
    resolution: {integrity: sha512-kdSefcPdruJiFMVSbn801t4vFK7KB/5gd2fYvrxhuJYg8ILrmn9SKSX2tZdV6V+ksulWqS7aXjBcRXl3wHoD9Q==}

  '@protobufjs/path@1.1.2':
    resolution: {integrity: sha512-6JOcJ5Tm08dOHAbdR3GrvP+yUUfkjG5ePsHYczMFLq3ZmMkAD98cDgcT2iA1lJ9NVwFd4tH/iSSoe44YWkltEA==}

  '@protobufjs/pool@1.1.0':
    resolution: {integrity: sha512-0kELaGSIDBKvcgS4zkjz1PeddatrjYcmMWOlAuAPwAeccUrPHdUqo/J6LiymHHEiJT5NrF1UVwxY14f+fy4WQw==}

  '@protobufjs/utf8@1.1.0':
    resolution: {integrity: sha512-Vvn3zZrhQZkkBE8LSuW3em98c0FwgO4nxzv6OdSxPKJIEKY2bGbHn+mhGIPerzI4twdxaP8/0+06HBpwf345Lw==}

  '@standard-schema/spec@1.0.0':
    resolution: {integrity: sha512-m2bOd0f2RT9k8QJx1JN85cZYyH1RqFBdlwtkSlf4tBDYLCiiZnv1fIIwacK6cqwXavOydf0NPToMQgpKq+dVlA==}

  '@types/node-fetch@2.6.13':
    resolution: {integrity: sha512-QGpRVpzSaUs30JBSGPjOg4Uveu384erbHBoT1zeONvyCfwQxIkUshLAOqN/k9EjGviPRmWTTe6aH2qySWKTVSw==}

  '@types/node@18.19.130':
    resolution: {integrity: sha512-GRaXQx6jGfL8sKfaIDD6OupbIHBr9jv7Jnaml9tB7l4v068PAOXqfcujMMo5PhbIs6ggR1XODELqahT2R8v0fg==}

  '@types/node@24.10.1':
    resolution: {integrity: sha512-GNWcUTRBgIRJD5zj+Tq0fKOJ5XZajIiBroOF0yvj2bSU1WvNdYS/dn9UxwsujGW4JX06dnHyjV2y9rRaybH0iQ==}

  '@types/shimmer@1.2.0':
    resolution: {integrity: sha512-UE7oxhQLLd9gub6JKIAhDq06T0F6FnztwMNRvYgjeQSBeMc1ZG/tA47EwfduvkuQS8apbkM/lpLpWsaCeYsXVg==}

  '@vercel/oidc@3.0.3':
    resolution: {integrity: sha512-yNEQvPcVrK9sIe637+I0jD6leluPxzwJKx/Haw6F4H77CdDsszUn5V3o96LPziXkSNE2B83+Z3mjqGKBK/R6Gg==}
    engines: {node: '>= 20'}

  abort-controller@3.0.0:
    resolution: {integrity: sha512-h8lQ8tacZYnR3vNQTgibj+tODHI5/+l06Au2Pcriv/Gmet0eaj4TwWH41sO9wnHDiQsEj19q0drzdWdeAHtweg==}
    engines: {node: '>=6.5'}

  acorn-import-attributes@1.9.5:
    resolution: {integrity: sha512-n02Vykv5uA3eHGM/Z2dQrcD56kL8TyDb2p1+0P83PClMnC/nc+anbQRhIOWnSq4Ke/KvDPrY3C9hDtC/A3eHnQ==}
    peerDependencies:
      acorn: ^8

  acorn@8.15.0:
    resolution: {integrity: sha512-NZyJarBfL7nWwIq+FDL6Zp/yHEhePMNnnJ0y3qfieCrmNvYct8uvtiV41UvlSe6apAfk0fY1FbWx+NwfmpvtTg==}
    engines: {node: '>=0.4.0'}
    hasBin: true

  agentkeepalive@4.6.0:
    resolution: {integrity: sha512-kja8j7PjmncONqaTsB8fQ+wE2mSU2DJ9D4XKoJ5PFWIdRMa6SLSN1ff4mOr4jCbfRSsxR4keIiySJU0N9T5hIQ==}
    engines: {node: '>= 8.0.0'}

  ai@5.0.93:
    resolution: {integrity: sha512-9eGcu+1PJgPg4pRNV4L7tLjRR3wdJC9CXQoNMvtqvYNOLZHFCzjHtVIOr2SIkoJJeu2+sOy3hyiSuTmy2MA40g==}
    engines: {node: '>=18'}
    peerDependencies:
      zod: ^3.25.76 || ^4.1.8

  async@3.2.6:
    resolution: {integrity: sha512-htCUDlxyyCLMgaM3xXg0C0LW2xqfuQ6p05pCEIsXuyQ+a1koYKTuBMzRNwmybfLgvJDMd0r1LTn4+E0Ti6C2AA==}

  asynckit@0.4.0:
    resolution: {integrity: sha512-Oei9OH4tRh0YqU3GxhX79dM/mwVgvbZJaSNaRk+bshkj0S5cfHcgYakreBjrHwatXKbz+IoIdYLxrKim2MjW0Q==}

  call-bind-apply-helpers@1.0.2:
    resolution: {integrity: sha512-Sp1ablJ0ivDkSzjcaJdxEunN5/XvksFJ2sMBFfq6x0ryhQV/2b/KwFe21cMpmHtPOSij8K99/wSfoEuTObmuMQ==}
    engines: {node: '>= 0.4'}

  cjs-module-lexer@1.4.3:
    resolution: {integrity: sha512-9z8TZaGM1pfswYeXrUpzPrkx8UnWYdhJclsiYMm6x/w5+nN+8Tf/LnAgfLGQCm59qAOxU8WwHEq2vNwF6i4j+Q==}

  combined-stream@1.0.8:
    resolution: {integrity: sha512-FQN4MRfuJeHf7cBbBMJFXhKSDq+2kAArBlmRBvcvFE5BB1HZKXtSFASDhdlz9zOYwxh8lDdnvmMOe/+5cdoEdg==}
    engines: {node: '>= 0.8'}

  debug@4.4.3:
    resolution: {integrity: sha512-RGwwWnwQvkVfavKVt22FGLw+xYSdzARwm0ru6DhTVA3umU5hZc28V3kO4stgYryrTlLpuvgI9GiijltAjNbcqA==}
    engines: {node: '>=6.0'}
    peerDependencies:
      supports-color: '*'
    peerDependenciesMeta:
      supports-color:
        optional: true

  delayed-stream@1.0.0:
    resolution: {integrity: sha512-ZySD7Nf91aLB0RxL4KGrKHBXl7Eds1DAmEdcoVawXnLD7SDhpNgtuII2aAkg7a7QS41jxPSZ17p4VdGnMHk3MQ==}
    engines: {node: '>=0.4.0'}

  dunder-proto@1.0.1:
    resolution: {integrity: sha512-KIN/nDJBQRcXw0MLVhZE9iQHmG68qAVIBg9CqmUYjmQIhgij9U5MFvrqkUL5FbtyyzZuOeOt0zdeRe4UY7ct+A==}
    engines: {node: '>= 0.4'}

  es-define-property@1.0.1:
    resolution: {integrity: sha512-e3nRfgfUZ4rNGL232gUgX06QNyyez04KdjFrF+LTRoOXmrOgFKDg4BCdsjW8EnT69eqdYGmRpJwiPVYNrCaW3g==}
    engines: {node: '>= 0.4'}

  es-errors@1.3.0:
    resolution: {integrity: sha512-Zf5H2Kxt2xjTvbJvP2ZWLEICxA6j+hAmMzIlypy4xcBg1vKVnx89Wy0GbS+kf5cwCVFFzdCFh2XSCFNULS6csw==}
    engines: {node: '>= 0.4'}

  es-object-atoms@1.1.1:
    resolution: {integrity: sha512-FGgH2h8zKNim9ljj7dankFPcICIK9Cp5bm+c2gQSYePhpaG5+esrLODihIorn+Pe6FGJzWhXQotPv73jTaldXA==}
    engines: {node: '>= 0.4'}

  es-set-tostringtag@2.1.0:
    resolution: {integrity: sha512-j6vWzfrGVfyXxge+O0x5sh6cvxAog0a/4Rdd2K36zCMV5eJ+/+tOAngRO8cODMNWbVRdVlmGZQL2YS3yR8bIUA==}
    engines: {node: '>= 0.4'}

  event-target-shim@5.0.1:
    resolution: {integrity: sha512-i/2XbnSz/uxRCU6+NdVJgKWDTM427+MqYbkQzD321DuCQJUqOuJKIA0IM2+W2xtYHdKOmZ4dR6fExsd4SXL+WQ==}
    engines: {node: '>=6'}

  eventsource-parser@3.0.6:
    resolution: {integrity: sha512-Vo1ab+QXPzZ4tCa8SwIHJFaSzy4R6SHf7BY79rFBDf0idraZWAkYrDjDj8uWaSm3S2TK+hJ7/t1CEmZ7jXw+pg==}
    engines: {node: '>=18.0.0'}

  form-data-encoder@1.7.2:
    resolution: {integrity: sha512-qfqtYan3rxrnCk1VYaA4H+Ms9xdpPqvLZa6xmMgFvhO32x7/3J/ExcTd6qpxM0vH2GdMI+poehyBZvqfMTto8A==}

  form-data@4.0.4:
    resolution: {integrity: sha512-KrGhL9Q4zjj0kiUt5OO4Mr/A/jlI2jDYs5eHBpYHPcBEVSiipAvn2Ko2HnPe20rmcuuvMHNdZFp+4IlGTMF0Ow==}
    engines: {node: '>= 6'}

  formdata-node@4.4.1:
    resolution: {integrity: sha512-0iirZp3uVDjVGt9p49aTaqjk84TrglENEDuqfdlZQ1roC9CWlPk6Avf8EEnZNcAqPonwkG35x4n3ww/1THYAeQ==}
    engines: {node: '>= 12.20'}

  function-bind@1.1.2:
    resolution: {integrity: sha512-7XHNxH7qX9xG5mIwxkhumTox/MIRNcOgDrxWsMt2pAr23WHp6MrRlN7FBSFpCpr+oVO0F744iUgR82nJMfG2SA==}

  get-intrinsic@1.3.0:
    resolution: {integrity: sha512-9fSjSaos/fRIVIp+xSJlE6lfwhES7LNtKaCBIamHsjr2na1BiABJPo0mOjjz8GJDURarmCPGqaiVg5mfjb98CQ==}
    engines: {node: '>= 0.4'}

  get-proto@1.0.1:
    resolution: {integrity: sha512-sTSfBjoXBp89JvIKIefqw7U2CCebsc74kiY6awiGogKtoSGbgjYE/G/+l9sF3MWFPNc9IcoOC4ODfKHfxFmp0g==}
    engines: {node: '>= 0.4'}

  gopd@1.2.0:
    resolution: {integrity: sha512-ZUKRh6/kUFoAiTAtTYPZJ3hw9wNxx+BIBOijnlG9PnrJsCcSjs1wyyD6vJpaYtgnzDrKYRSqf3OO6Rfa93xsRg==}
    engines: {node: '>= 0.4'}

  has-symbols@1.1.0:
    resolution: {integrity: sha512-1cDNdwJ2Jaohmb3sg4OmKaMBwuC48sYni5HUw2DvsC8LjGTLK9h+eb1X6RyuOHe4hT0ULCW68iomhjUoKUqlPQ==}
    engines: {node: '>= 0.4'}

  has-tostringtag@1.0.2:
    resolution: {integrity: sha512-NqADB8VjPFLM2V0VvHUewwwsw0ZWBaIdgo+ieHtK3hasLz4qeCRjYcqfB6AQrBggRKppKF8L52/VqdVsO47Dlw==}
    engines: {node: '>= 0.4'}

  hasown@2.0.2:
    resolution: {integrity: sha512-0hJU9SCPvmMzIBdZFqNPXWa6dqh7WdH0cII9y+CyS8rG3nL48Bclra9HmKhVVUHyPWNH5Y7xDwAB7bfgSjkUMQ==}
    engines: {node: '>= 0.4'}

  humanize-ms@1.2.1:
    resolution: {integrity: sha512-Fl70vYtsAFb/C06PTS9dZBo7ihau+Tu/DNCk/OyHhea07S+aeMWpFFkUaXRa8fI+ScZbEI8dfSxwY7gxZ9SAVQ==}

  import-in-the-middle@1.15.0:
    resolution: {integrity: sha512-bpQy+CrsRmYmoPMAE/0G33iwRqwW4ouqdRg8jgbH3aKuCtOc8lxgmYXg2dMM92CRiGP660EtBcymH/eVUpCSaA==}

  is-core-module@2.16.1:
    resolution: {integrity: sha512-UfoeMA6fIJ8wTYFEUjelnaGI67v6+N7qXJEvQuIGa99l4xsCruSYOVSQ0uPANn4dAzm8lkYPaKLrrijLq7x23w==}
    engines: {node: '>= 0.4'}

  json-schema@0.4.0:
    resolution: {integrity: sha512-es94M3nTIfsEPisRafak+HDLfHXnKBhV3vU5eqPcS3flIWqcxJWgXHXiey3YrpaNsanY5ei1VoYEbOzijuq9BA==}

  long@5.3.2:
    resolution: {integrity: sha512-mNAgZ1GmyNhD7AuqnTG3/VQ26o760+ZYBPKjPvugO8+nLbYfX6TVpJPseBvopbdY+qpZ/lKUnmEc1LeZYS3QAA==}

  math-intrinsics@1.1.0:
    resolution: {integrity: sha512-/IXtbwEk5HTPyEwyKX6hGkYXxM9nbj64B+ilVJnC/R6B0pH5G4V3b0pVbL7DBj4tkhBAppbQUlf6F6Xl9LHu1g==}
    engines: {node: '>= 0.4'}

  mime-db@1.52.0:
    resolution: {integrity: sha512-sPU4uV7dYlvtWJxwwxHD0PuihVNiE7TyAbQ5SWxDCB9mUYvOgroQOwYQQOKPJ8CIbE+1ETVlOoK1UC2nU3gYvg==}
    engines: {node: '>= 0.6'}

  mime-types@2.1.35:
    resolution: {integrity: sha512-ZDY+bPm5zTTF+YpCrAU9nK0UgICYPT0QtT1NZWFv4s++TNkcgVaT0g6+4R2uI4MjQjzysHB1zxuWL50hzaeXiw==}
    engines: {node: '>= 0.6'}

  module-details-from-path@1.0.4:
    resolution: {integrity: sha512-EGWKgxALGMgzvxYF1UyGTy0HXX/2vHLkw6+NvDKW2jypWbHpjQuj4UMcqQWXHERJhVGKikolT06G3bcKe4fi7w==}

  ms@2.1.3:
    resolution: {integrity: sha512-6FlzubTLZG3J2a/NVCAleEhjzq5oxgHyaCU9yYXvcLsvoVaHJq/s5xXI6/XXP6tz7R9xAOtHnSO/tXtF3WRTlA==}

  node-domexception@1.0.0:
    resolution: {integrity: sha512-/jKZoMpw0F8GRwl4/eLROPA3cfcXtLApP0QzLmUT/HuPCZWyB7IY9ZrMeKw2O/nFIqPQB3PVM9aYm0F312AXDQ==}
    engines: {node: '>=10.5.0'}
    deprecated: Use your platform's native DOMException instead

  node-fetch@2.7.0:
    resolution: {integrity: sha512-c4FRfUm/dbcWZ7U+1Wq0AwCyFL+3nt2bEw05wfxSz+DWpWsitgmSgYmy2dQdWyKC1694ELPqMs/YzUSNozLt8A==}
    engines: {node: 4.x || >=6.0.0}
    peerDependencies:
      encoding: ^0.1.0
    peerDependenciesMeta:
      encoding:
        optional: true

  openai@5.23.2:
    resolution: {integrity: sha512-MQBzmTulj+MM5O8SKEk/gL8a7s5mktS9zUtAkU257WjvobGc9nKcBuVwjyEEcb9SI8a8Y2G/mzn3vm9n1Jlleg==}
    hasBin: true
    peerDependencies:
      ws: ^8.18.0
      zod: ^3.23.8
    peerDependenciesMeta:
      ws:
        optional: true
      zod:
        optional: true

  openapi-fetch@0.12.5:
    resolution: {integrity: sha512-FnAMWLt0MNL6ComcL4q/YbB1tUgyz5YnYtwA1+zlJ5xcucmK5RlWsgH1ynxmEeu8fGJkYjm8armU/HVpORc9lw==}

  openapi-typescript-helpers@0.0.15:
    resolution: {integrity: sha512-opyTPaunsklCBpTK8JGef6mfPhLSnyy5a0IN9vKtx3+4aExf+KxEqYwIy3hqkedXIB97u357uLMJsOnm3GVjsw==}

  path-parse@1.0.7:
    resolution: {integrity: sha512-LDJzPVEEEPR+y48z93A0Ed0yXb8pAByGWo/k5YYdYgpY2/2EsOsksJrq7lOHxryrVOn1ejG6oAp8ahvOIQD8sw==}

  protobufjs@7.5.4:
    resolution: {integrity: sha512-CvexbZtbov6jW2eXAvLukXjXUW1TzFaivC46BpWc/3BpcCysb5Vffu+B3XHMm8lVEuy2Mm4XGex8hBSg1yapPg==}
    engines: {node: '>=12.0.0'}

  require-in-the-middle@7.5.2:
    resolution: {integrity: sha512-gAZ+kLqBdHarXB64XpAe2VCjB7rIRv+mU8tfRWziHRJ5umKsIHN2tLLv6EtMw7WCdP19S0ERVMldNvxYCHnhSQ==}
    engines: {node: '>=8.6.0'}

  resolve@1.22.11:
    resolution: {integrity: sha512-RfqAvLnMl313r7c9oclB1HhUEAezcpLjz95wFH4LVuhk9JF/r22qmVP9AMmOU4vMX7Q8pN8jwNg/CSpdFnMjTQ==}
    engines: {node: '>= 0.4'}
    hasBin: true

  semver@7.7.3:
    resolution: {integrity: sha512-SdsKMrI9TdgjdweUSR9MweHA4EJ8YxHn8DFaDisvhVlUOe4BF1tLD7GAj0lIqWVl+dPb/rExr0Btby5loQm20Q==}
    engines: {node: '>=10'}
    hasBin: true

  shimmer@1.2.1:
    resolution: {integrity: sha512-sQTKC1Re/rM6XyFM6fIAGHRPVGvyXfgzIDvzoq608vM+jeyVD0Tu1E6Np0Kc2zAIFWIj963V2800iF/9LPieQw==}

  supports-preserve-symlinks-flag@1.0.0:
    resolution: {integrity: sha512-ot0WnXS9fgdkgIcePe6RHNk1WA8+muPa6cSjeR3V8K27q9BB1rTE3R1p7Hv0z1ZyAc8s6Vvv8DIyWf681MAt0w==}
    engines: {node: '>= 0.4'}

  tiny-invariant@1.3.3:
    resolution: {integrity: sha512-+FbBPE1o9QAYvviau/qC5SE3caw21q3xkvWKBtja5vgqOWIHHJ3ioaq1VPfn/Szqctz2bU/oYeKd9/z5BL+PVg==}

  tr46@0.0.3:
    resolution: {integrity: sha512-N3WMsuqV66lT30CrXNbEjx4GEwlow3v6rr4mCcv6prnfwhS01rkgyFdjPNBYd9br7LpXV1+Emh01fHnq2Gdgrw==}

  typescript@5.9.3:
    resolution: {integrity: sha512-jl1vZzPDinLr9eUt3J/t7V6FgNEw9QjvBPdysz9KfQDD41fQrC2Y4vKQdiaUpFT4bXlb1RHhLpp8wtm6M5TgSw==}
    engines: {node: '>=14.17'}
    hasBin: true

  undici-types@5.26.5:
    resolution: {integrity: sha512-JlCMO+ehdEIKqlFxk6IfVoAUVmgz7cU7zD/h9XZ0qzeosSHmUJVOzSQvvYSYWXkFXC+IfLKSIffhv0sVZup6pA==}

  undici-types@7.16.0:
    resolution: {integrity: sha512-Zz+aZWSj8LE6zoxD+xrjh4VfkIG8Ya6LvYkZqtUQGJPZjYl53ypCaUwWqo7eI0x66KBGeRo+mlBEkMSeSZ38Nw==}

  web-streams-polyfill@4.0.0-beta.3:
    resolution: {integrity: sha512-QW95TCTaHmsYfHDybGMwO5IJIM93I/6vTRk+daHTWFPhwh+C8Cg7j7XyKrwrj8Ib6vYXe0ocYNrmzY4xAAN6ug==}
    engines: {node: '>= 14'}

  webidl-conversions@3.0.1:
    resolution: {integrity: sha512-2JAn3z8AR6rjK8Sm8orRC0h/bcl/DqL7tRPdGZ4I1CjdF+EaMLmYxBHyXuKL849eucPFhvBoxMsflfOb8kxaeQ==}

  whatwg-url@5.0.0:
    resolution: {integrity: sha512-saE57nupxk6v3HY35+jzBwYa0rKSy0XR8JSxZPwgLr7ys0IBzhGviA1/TUGJLmSVqs8pb9AnvICXEuOHLprYTw==}

  zod-to-json-schema@3.24.6:
    resolution: {integrity: sha512-h/z3PKvcTcTetyjl1fkj79MHNEjm+HpD6NXheWjzOekY7kV+lwDYnHw+ivHkijnCSMz1yJaWBD9vu/Fcmk+vEg==}
    peerDependencies:
      zod: ^3.24.1

  zod@3.25.76:
    resolution: {integrity: sha512-gzUt/qt81nXsFGKIFcC3YnfEAx5NkunCfnDlvuBSSFS02bcXu4Lmea0AFIUwbLWxWPx3d9p8S5QoaujKcNQxcQ==}

  zod@4.1.12:
    resolution: {integrity: sha512-JInaHOamG8pt5+Ey8kGmdcAcg3OL9reK8ltczgHTAwNhMys/6ThXHityHxVV2p3fkw/c+MAvBHFVYHFZDmjMCQ==}

snapshots:

  '@ai-sdk/gateway@2.0.9(zod@3.25.76)':
    dependencies:
      '@ai-sdk/provider': 2.0.0
      '@ai-sdk/provider-utils': 3.0.17(zod@3.25.76)
      '@vercel/oidc': 3.0.3
      zod: 3.25.76
    optional: true

  '@ai-sdk/gateway@2.0.9(zod@4.1.12)':
    dependencies:
      '@ai-sdk/provider': 2.0.0
      '@ai-sdk/provider-utils': 3.0.17(zod@4.1.12)
      '@vercel/oidc': 3.0.3
      zod: 4.1.12

  '@ai-sdk/openai@2.0.65(zod@4.1.12)':
    dependencies:
      '@ai-sdk/provider': 2.0.0
      '@ai-sdk/provider-utils': 3.0.17(zod@4.1.12)
      zod: 4.1.12

  '@ai-sdk/provider-utils@3.0.17(zod@3.25.76)':
    dependencies:
      '@ai-sdk/provider': 2.0.0
      '@standard-schema/spec': 1.0.0
      eventsource-parser: 3.0.6
      zod: 3.25.76
    optional: true

  '@ai-sdk/provider-utils@3.0.17(zod@4.1.12)':
    dependencies:
      '@ai-sdk/provider': 2.0.0
      '@standard-schema/spec': 1.0.0
      eventsource-parser: 3.0.6
      zod: 4.1.12

  '@ai-sdk/provider@2.0.0':
    dependencies:
      json-schema: 0.4.0

  '@anthropic-ai/sdk@0.35.0':
    dependencies:
      '@types/node': 18.19.130
      '@types/node-fetch': 2.6.13
      abort-controller: 3.0.0
      agentkeepalive: 4.6.0
      form-data-encoder: 1.7.2
      formdata-node: 4.4.1
      node-fetch: 2.7.0
    transitivePeerDependencies:
      - encoding
    optional: true

  '@arizeai/openinference-core@2.0.0':
    dependencies:
      '@arizeai/openinference-semantic-conventions': 2.1.2
      '@opentelemetry/api': 1.9.0
      '@opentelemetry/core': 1.30.1(@opentelemetry/api@1.9.0)

  '@arizeai/openinference-semantic-conventions@1.1.0': {}

  '@arizeai/openinference-semantic-conventions@2.1.2': {}

  '@arizeai/openinference-vercel@2.5.0(@opentelemetry/api@1.9.0)':
    dependencies:
      '@arizeai/openinference-core': 2.0.0
      '@arizeai/openinference-semantic-conventions': 2.1.2
      '@opentelemetry/api': 1.9.0
      '@opentelemetry/core': 1.30.1(@opentelemetry/api@1.9.0)

  '@arizeai/phoenix-client@5.3.0(@opentelemetry/api@1.9.0)':
    dependencies:
      '@arizeai/openinference-semantic-conventions': 1.1.0
      '@arizeai/openinference-vercel': 2.5.0(@opentelemetry/api@1.9.0)
      '@arizeai/phoenix-otel': 0.3.0
      async: 3.2.6
      openapi-fetch: 0.12.5
      tiny-invariant: 1.3.3
      zod: 3.25.76
      zod-to-json-schema: 3.24.6(zod@3.25.76)
    optionalDependencies:
      '@anthropic-ai/sdk': 0.35.0
      ai: 5.0.93(zod@3.25.76)
      openai: 5.23.2(zod@3.25.76)
    transitivePeerDependencies:
      - '@opentelemetry/api'
      - encoding
      - supports-color
      - ws

  '@arizeai/phoenix-otel@0.3.0':
    dependencies:
      '@arizeai/openinference-semantic-conventions': 1.1.0
      '@arizeai/openinference-vercel': 2.5.0(@opentelemetry/api@1.9.0)
      '@opentelemetry/api': 1.9.0
      '@opentelemetry/core': 1.30.1(@opentelemetry/api@1.9.0)
      '@opentelemetry/exporter-trace-otlp-proto': 0.57.2(@opentelemetry/api@1.9.0)
      '@opentelemetry/instrumentation': 0.57.2(@opentelemetry/api@1.9.0)
      '@opentelemetry/resources': 2.2.0(@opentelemetry/api@1.9.0)
      '@opentelemetry/sdk-trace-base': 1.30.1(@opentelemetry/api@1.9.0)
      '@opentelemetry/sdk-trace-node': 1.30.1(@opentelemetry/api@1.9.0)
    transitivePeerDependencies:
      - supports-color

  '@opentelemetry/api-logs@0.57.2':
    dependencies:
      '@opentelemetry/api': 1.9.0

  '@opentelemetry/api@1.9.0': {}

  '@opentelemetry/context-async-hooks@1.30.1(@opentelemetry/api@1.9.0)':
    dependencies:
      '@opentelemetry/api': 1.9.0

  '@opentelemetry/core@1.30.1(@opentelemetry/api@1.9.0)':
    dependencies:
      '@opentelemetry/api': 1.9.0
      '@opentelemetry/semantic-conventions': 1.28.0

  '@opentelemetry/core@2.2.0(@opentelemetry/api@1.9.0)':
    dependencies:
      '@opentelemetry/api': 1.9.0
      '@opentelemetry/semantic-conventions': 1.38.0

  '@opentelemetry/exporter-trace-otlp-proto@0.57.2(@opentelemetry/api@1.9.0)':
    dependencies:
      '@opentelemetry/api': 1.9.0
      '@opentelemetry/core': 1.30.1(@opentelemetry/api@1.9.0)
      '@opentelemetry/otlp-exporter-base': 0.57.2(@opentelemetry/api@1.9.0)
      '@opentelemetry/otlp-transformer': 0.57.2(@opentelemetry/api@1.9.0)
      '@opentelemetry/resources': 1.30.1(@opentelemetry/api@1.9.0)
      '@opentelemetry/sdk-trace-base': 1.30.1(@opentelemetry/api@1.9.0)

  '@opentelemetry/instrumentation@0.57.2(@opentelemetry/api@1.9.0)':
    dependencies:
      '@opentelemetry/api': 1.9.0
      '@opentelemetry/api-logs': 0.57.2
      '@types/shimmer': 1.2.0
      import-in-the-middle: 1.15.0
      require-in-the-middle: 7.5.2
      semver: 7.7.3
      shimmer: 1.2.1
    transitivePeerDependencies:
      - supports-color

  '@opentelemetry/otlp-exporter-base@0.57.2(@opentelemetry/api@1.9.0)':
    dependencies:
      '@opentelemetry/api': 1.9.0
      '@opentelemetry/core': 1.30.1(@opentelemetry/api@1.9.0)
      '@opentelemetry/otlp-transformer': 0.57.2(@opentelemetry/api@1.9.0)

  '@opentelemetry/otlp-transformer@0.57.2(@opentelemetry/api@1.9.0)':
    dependencies:
      '@opentelemetry/api': 1.9.0
      '@opentelemetry/api-logs': 0.57.2
      '@opentelemetry/core': 1.30.1(@opentelemetry/api@1.9.0)
      '@opentelemetry/resources': 1.30.1(@opentelemetry/api@1.9.0)
      '@opentelemetry/sdk-logs': 0.57.2(@opentelemetry/api@1.9.0)
      '@opentelemetry/sdk-metrics': 1.30.1(@opentelemetry/api@1.9.0)
      '@opentelemetry/sdk-trace-base': 1.30.1(@opentelemetry/api@1.9.0)
      protobufjs: 7.5.4

  '@opentelemetry/propagator-b3@1.30.1(@opentelemetry/api@1.9.0)':
    dependencies:
      '@opentelemetry/api': 1.9.0
      '@opentelemetry/core': 1.30.1(@opentelemetry/api@1.9.0)

  '@opentelemetry/propagator-jaeger@1.30.1(@opentelemetry/api@1.9.0)':
    dependencies:
      '@opentelemetry/api': 1.9.0
      '@opentelemetry/core': 1.30.1(@opentelemetry/api@1.9.0)

  '@opentelemetry/resources@1.30.1(@opentelemetry/api@1.9.0)':
    dependencies:
      '@opentelemetry/api': 1.9.0
      '@opentelemetry/core': 1.30.1(@opentelemetry/api@1.9.0)
      '@opentelemetry/semantic-conventions': 1.28.0

  '@opentelemetry/resources@2.2.0(@opentelemetry/api@1.9.0)':
    dependencies:
      '@opentelemetry/api': 1.9.0
      '@opentelemetry/core': 2.2.0(@opentelemetry/api@1.9.0)
      '@opentelemetry/semantic-conventions': 1.38.0

  '@opentelemetry/sdk-logs@0.57.2(@opentelemetry/api@1.9.0)':
    dependencies:
      '@opentelemetry/api': 1.9.0
      '@opentelemetry/api-logs': 0.57.2
      '@opentelemetry/core': 1.30.1(@opentelemetry/api@1.9.0)
      '@opentelemetry/resources': 1.30.1(@opentelemetry/api@1.9.0)

  '@opentelemetry/sdk-metrics@1.30.1(@opentelemetry/api@1.9.0)':
    dependencies:
      '@opentelemetry/api': 1.9.0
      '@opentelemetry/core': 1.30.1(@opentelemetry/api@1.9.0)
      '@opentelemetry/resources': 1.30.1(@opentelemetry/api@1.9.0)

  '@opentelemetry/sdk-trace-base@1.30.1(@opentelemetry/api@1.9.0)':
    dependencies:
      '@opentelemetry/api': 1.9.0
      '@opentelemetry/core': 1.30.1(@opentelemetry/api@1.9.0)
      '@opentelemetry/resources': 1.30.1(@opentelemetry/api@1.9.0)
      '@opentelemetry/semantic-conventions': 1.28.0

  '@opentelemetry/sdk-trace-node@1.30.1(@opentelemetry/api@1.9.0)':
    dependencies:
      '@opentelemetry/api': 1.9.0
      '@opentelemetry/context-async-hooks': 1.30.1(@opentelemetry/api@1.9.0)
      '@opentelemetry/core': 1.30.1(@opentelemetry/api@1.9.0)
      '@opentelemetry/propagator-b3': 1.30.1(@opentelemetry/api@1.9.0)
      '@opentelemetry/propagator-jaeger': 1.30.1(@opentelemetry/api@1.9.0)
      '@opentelemetry/sdk-trace-base': 1.30.1(@opentelemetry/api@1.9.0)
      semver: 7.7.3

  '@opentelemetry/semantic-conventions@1.28.0': {}

  '@opentelemetry/semantic-conventions@1.38.0': {}

  '@protobufjs/aspromise@1.1.2': {}

  '@protobufjs/base64@1.1.2': {}

  '@protobufjs/codegen@2.0.4': {}

  '@protobufjs/eventemitter@1.1.0': {}

  '@protobufjs/fetch@1.1.0':
    dependencies:
      '@protobufjs/aspromise': 1.1.2
      '@protobufjs/inquire': 1.1.0

  '@protobufjs/float@1.0.2': {}

  '@protobufjs/inquire@1.1.0': {}

  '@protobufjs/path@1.1.2': {}

  '@protobufjs/pool@1.1.0': {}

  '@protobufjs/utf8@1.1.0': {}

  '@standard-schema/spec@1.0.0': {}

  '@types/node-fetch@2.6.13':
    dependencies:
      '@types/node': 24.10.1
      form-data: 4.0.4
    optional: true

  '@types/node@18.19.130':
    dependencies:
      undici-types: 5.26.5
    optional: true

  '@types/node@24.10.1':
    dependencies:
      undici-types: 7.16.0

  '@types/shimmer@1.2.0': {}

  '@vercel/oidc@3.0.3': {}

  abort-controller@3.0.0:
    dependencies:
      event-target-shim: 5.0.1
    optional: true

  acorn-import-attributes@1.9.5(acorn@8.15.0):
    dependencies:
      acorn: 8.15.0

  acorn@8.15.0: {}

  agentkeepalive@4.6.0:
    dependencies:
      humanize-ms: 1.2.1
    optional: true

  ai@5.0.93(zod@3.25.76):
    dependencies:
      '@ai-sdk/gateway': 2.0.9(zod@3.25.76)
      '@ai-sdk/provider': 2.0.0
      '@ai-sdk/provider-utils': 3.0.17(zod@3.25.76)
      '@opentelemetry/api': 1.9.0
      zod: 3.25.76
    optional: true

  ai@5.0.93(zod@4.1.12):
    dependencies:
      '@ai-sdk/gateway': 2.0.9(zod@4.1.12)
      '@ai-sdk/provider': 2.0.0
      '@ai-sdk/provider-utils': 3.0.17(zod@4.1.12)
      '@opentelemetry/api': 1.9.0
      zod: 4.1.12

  async@3.2.6: {}

  asynckit@0.4.0:
    optional: true

  call-bind-apply-helpers@1.0.2:
    dependencies:
      es-errors: 1.3.0
      function-bind: 1.1.2
    optional: true

  cjs-module-lexer@1.4.3: {}

  combined-stream@1.0.8:
    dependencies:
      delayed-stream: 1.0.0
    optional: true

  debug@4.4.3:
    dependencies:
      ms: 2.1.3

  delayed-stream@1.0.0:
    optional: true

  dunder-proto@1.0.1:
    dependencies:
      call-bind-apply-helpers: 1.0.2
      es-errors: 1.3.0
      gopd: 1.2.0
    optional: true

  es-define-property@1.0.1:
    optional: true

  es-errors@1.3.0:
    optional: true

  es-object-atoms@1.1.1:
    dependencies:
      es-errors: 1.3.0
    optional: true

  es-set-tostringtag@2.1.0:
    dependencies:
      es-errors: 1.3.0
      get-intrinsic: 1.3.0
      has-tostringtag: 1.0.2
      hasown: 2.0.2
    optional: true

  event-target-shim@5.0.1:
    optional: true

  eventsource-parser@3.0.6: {}

  form-data-encoder@1.7.2:
    optional: true

  form-data@4.0.4:
    dependencies:
      asynckit: 0.4.0
      combined-stream: 1.0.8
      es-set-tostringtag: 2.1.0
      hasown: 2.0.2
      mime-types: 2.1.35
    optional: true

  formdata-node@4.4.1:
    dependencies:
      node-domexception: 1.0.0
      web-streams-polyfill: 4.0.0-beta.3
    optional: true

  function-bind@1.1.2: {}

  get-intrinsic@1.3.0:
    dependencies:
      call-bind-apply-helpers: 1.0.2
      es-define-property: 1.0.1
      es-errors: 1.3.0
      es-object-atoms: 1.1.1
      function-bind: 1.1.2
      get-proto: 1.0.1
      gopd: 1.2.0
      has-symbols: 1.1.0
      hasown: 2.0.2
      math-intrinsics: 1.1.0
    optional: true

  get-proto@1.0.1:
    dependencies:
      dunder-proto: 1.0.1
      es-object-atoms: 1.1.1
    optional: true

  gopd@1.2.0:
    optional: true

  has-symbols@1.1.0:
    optional: true

  has-tostringtag@1.0.2:
    dependencies:
      has-symbols: 1.1.0
    optional: true

  hasown@2.0.2:
    dependencies:
      function-bind: 1.1.2

  humanize-ms@1.2.1:
    dependencies:
      ms: 2.1.3
    optional: true

  import-in-the-middle@1.15.0:
    dependencies:
      acorn: 8.15.0
      acorn-import-attributes: 1.9.5(acorn@8.15.0)
      cjs-module-lexer: 1.4.3
      module-details-from-path: 1.0.4

  is-core-module@2.16.1:
    dependencies:
      hasown: 2.0.2

  json-schema@0.4.0: {}

  long@5.3.2: {}

  math-intrinsics@1.1.0:
    optional: true

  mime-db@1.52.0:
    optional: true

  mime-types@2.1.35:
    dependencies:
      mime-db: 1.52.0
    optional: true

  module-details-from-path@1.0.4: {}

  ms@2.1.3: {}

  node-domexception@1.0.0:
    optional: true

  node-fetch@2.7.0:
    dependencies:
      whatwg-url: 5.0.0
    optional: true

  openai@5.23.2(zod@3.25.76):
    optionalDependencies:
      zod: 3.25.76
    optional: true

  openapi-fetch@0.12.5:
    dependencies:
      openapi-typescript-helpers: 0.0.15

  openapi-typescript-helpers@0.0.15: {}

  path-parse@1.0.7: {}

  protobufjs@7.5.4:
    dependencies:
      '@protobufjs/aspromise': 1.1.2
      '@protobufjs/base64': 1.1.2
      '@protobufjs/codegen': 2.0.4
      '@protobufjs/eventemitter': 1.1.0
      '@protobufjs/fetch': 1.1.0
      '@protobufjs/float': 1.0.2
      '@protobufjs/inquire': 1.1.0
      '@protobufjs/path': 1.1.2
      '@protobufjs/pool': 1.1.0
      '@protobufjs/utf8': 1.1.0
      '@types/node': 24.10.1
      long: 5.3.2

  require-in-the-middle@7.5.2:
    dependencies:
      debug: 4.4.3
      module-details-from-path: 1.0.4
      resolve: 1.22.11
    transitivePeerDependencies:
      - supports-color

  resolve@1.22.11:
    dependencies:
      is-core-module: 2.16.1
      path-parse: 1.0.7
      supports-preserve-symlinks-flag: 1.0.0

  semver@7.7.3: {}

  shimmer@1.2.1: {}

  supports-preserve-symlinks-flag@1.0.0: {}

  tiny-invariant@1.3.3: {}

  tr46@0.0.3:
    optional: true

  typescript@5.9.3: {}

  undici-types@5.26.5:
    optional: true

  undici-types@7.16.0: {}

  web-streams-polyfill@4.0.0-beta.3:
    optional: true

  webidl-conversions@3.0.1:
    optional: true

  whatwg-url@5.0.0:
    dependencies:
      tr46: 0.0.3
      webidl-conversions: 3.0.1
    optional: true

  zod-to-json-schema@3.24.6(zod@3.25.76):
    dependencies:
      zod: 3.25.76

  zod@3.25.76: {}

  zod@4.1.12: {}
